{
  "lockfile_version": "1",
  "packages": {
    "fnm@latest": {
      "last_modified": "2024-07-31T08:48:38Z",
      "resolved": "github:NixOS/nixpkgs/c3392ad349a5227f4a3464dce87bcc5046692fce#fnm",
      "source": "devbox-search",
      "version": "1.37.1",
      "systems": {
        "aarch64-darwin": {
          "outputs": [
            {
              "name": "out",
              "path": "/nix/store/kdbs2ip1xp4j472vl783yqzin7vsyi7h-fnm-1.37.1",
              "default": true
            }
          ],
          "store_path": "/nix/store/kdbs2ip1xp4j472vl783yqzin7vsyi7h-fnm-1.37.1"
        },
        "aarch64-linux": {
          "outputs": [
            {
              "name": "out",
              "path": "/nix/store/smyizdzr3r2lc0g8g11cqpfaypzcgh4x-fnm-1.37.1",
              "default": true
            }
          ],
          "store_path": "/nix/store/smyizdzr3r2lc0g8g11cqpfaypzcgh4x-fnm-1.37.1"
        },
        "x86_64-darwin": {
          "outputs": [
            {
              "name": "out",
              "path": "/nix/store/j9kj4y2gd7001pap0vxb7d33qpb46s6a-fnm-1.37.1",
              "default": true
            }
          ],
          "store_path": "/nix/store/j9kj4y2gd7001pap0vxb7d33qpb46s6a-fnm-1.37.1"
        },
        "x86_64-linux": {
          "outputs": [
            {
              "name": "out",
              "path": "/nix/store/5b1qsn5il04pwgcbnp12hwdpnpgdim4k-fnm-1.37.1",
              "default": true
            }
          ],
          "store_path": "/nix/store/5b1qsn5il04pwgcbnp12hwdpnpgdim4k-fnm-1.37.1"
        }
      }
    },
    "libiconv@latest": {
      "last_modified": "2024-07-07T07:43:47Z",
      "resolved": "github:NixOS/nixpkgs/b60793b86201040d9dee019a05089a9150d08b5b#libiconv",
      "source": "devbox-search",
      "version": "99",
      "systems": {
        "aarch64-darwin": {
          "outputs": [
            {
              "name": "out",
              "path": "/nix/store/pb4vbsfgdik0qizna8vrdzk0jv746rgy-libiconv-99",
              "default": true
            },
            {
              "name": "dev",
              "path": "/nix/store/ddlxlq7cmqp2kpxi7wcskmk2d2ygn8d6-libiconv-99-dev"
            }
          ],
          "store_path": "/nix/store/pb4vbsfgdik0qizna8vrdzk0jv746rgy-libiconv-99"
        },
        "x86_64-darwin": {
          "outputs": [
            {
              "name": "out",
              "path": "/nix/store/nx4wk3zf054hldhq41q9iy0dqigqfhq0-libiconv-99",
              "default": true
            },
            {
              "name": "dev",
              "path": "/nix/store/b5q63ha9kv645npscj40slr90pbzsd96-libiconv-99-dev"
            }
          ],
          "store_path": "/nix/store/nx4wk3zf054hldhq41q9iy0dqigqfhq0-libiconv-99"
        }
      }
    },
    "pnpm@latest": {
      "last_modified": "2024-11-03T14:18:04Z",
      "resolved": "github:NixOS/nixpkgs/4ae2e647537bcdbb82265469442713d066675275#pnpm",
      "source": "devbox-search",
      "version": "9.12.3",
      "systems": {
        "aarch64-darwin": {
          "outputs": [
            {
              "name": "out",
              "path": "/nix/store/jnfsa8swb9f5ac3s1mc0pnq6zjr69i0b-pnpm-9.12.3",
              "default": true
            }
          ],
          "store_path": "/nix/store/jnfsa8swb9f5ac3s1mc0pnq6zjr69i0b-pnpm-9.12.3"
        },
        "aarch64-linux": {
          "outputs": [
            {
              "name": "out",
              "path": "/nix/store/cxqr84mgwxp3c5ns9smi1ylc24q5r4pf-pnpm-9.12.3",
              "default": true
            }
          ],
          "store_path": "/nix/store/cxqr84mgwxp3c5ns9smi1ylc24q5r4pf-pnpm-9.12.3"
        },
        "x86_64-darwin": {
          "outputs": [
            {
              "name": "out",
              "path": "/nix/store/zigjwhgz3w2n63dqcpfxiz1abgf1vj3l-pnpm-9.12.3",
              "default": true
            }
          ],
          "store_path": "/nix/store/zigjwhgz3w2n63dqcpfxiz1abgf1vj3l-pnpm-9.12.3"
        },
        "x86_64-linux": {
          "outputs": [
            {
              "name": "out",
              "path": "/nix/store/lw6676szir9gwzh4l9qmbnh2w8v84glg-pnpm-9.12.3",
              "default": true
            }
          ],
          "store_path": "/nix/store/lw6676szir9gwzh4l9qmbnh2w8v84glg-pnpm-9.12.3"
        }
      }
    },
    "rustup@latest": {
      "last_modified": "2024-07-07T07:43:47Z",
      "plugin_version": "0.0.1",
      "resolved": "github:NixOS/nixpkgs/b60793b86201040d9dee019a05089a9150d08b5b#rustup",
      "source": "devbox-search",
      "version": "1.26.0",
      "systems": {
        "aarch64-darwin": {
          "outputs": [
            {
              "name": "out",
              "path": "/nix/store/9fcngl4lj7lakajafyfpwddigy5x7xz3-rustup-1.26.0",
              "default": true
            }
          ],
          "store_path": "/nix/store/9fcngl4lj7lakajafyfpwddigy5x7xz3-rustup-1.26.0"
        },
        "aarch64-linux": {
          "outputs": [
            {
              "name": "out",
              "path": "/nix/store/9zp7146714iwf140fapdi0mgb86yds92-rustup-1.26.0",
              "default": true
            }
          ],
          "store_path": "/nix/store/9zp7146714iwf140fapdi0mgb86yds92-rustup-1.26.0"
        },
        "x86_64-darwin": {
          "outputs": [
            {
              "name": "out",
              "path": "/nix/store/vj2nv91k8wpk63iyjk93y1b7fflmbjm9-rustup-1.26.0",
              "default": true
            }
          ],
          "store_path": "/nix/store/vj2nv91k8wpk63iyjk93y1b7fflmbjm9-rustup-1.26.0"
        },
        "x86_64-linux": {
          "outputs": [
            {
              "name": "out",
              "path": "/nix/store/crphpnlzwspccbflgfakqm45hfxw1sdx-rustup-1.26.0",
              "default": true
            }
          ],
          "store_path": "/nix/store/crphpnlzwspccbflgfakqm45hfxw1sdx-rustup-1.26.0"
        }
      }
    }
  }
}
